
Microsoft Visual Studio Solution File, Format Version 12.00
# Visual Studio Version 17
VisualStudioVersion = 17.14.36518.9 d17.14
MinimumVisualStudioVersion = 10.0.40219.1
Project("{FAE04EC0-301F-11D3-BF4B-00C04F79EFBC}") = "MauiAppMInhasCompras", "MauiAppMInhasCompras\MauiAppMInhasCompras.csproj", "{87CB13A5-B415-41FB-A32F-693788B455E8}"
EndProject
Global
	GlobalSection(SolutionConfigurationPlatforms) = preSolution
		Debug|Any CPU = Debug|Any CPU
		Release|Any CPU = Release|Any CPU
	EndGlobalSection
	GlobalSection(ProjectConfigurationPlatforms) = postSolution
		{87CB13A5-B415-41FB-A32F-693788B455E8}.Debug|Any CPU.ActiveCfg = Debug|Any CPU
		{87CB13A5-B415-41FB-A32F-693788B455E8}.Debug|Any CPU.Build.0 = Debug|Any CPU
		{87CB13A5-B415-41FB-A32F-693788B455E8}.Release|Any CPU.ActiveCfg = Release|Any CPU
		{87CB13A5-B415-41FB-A32F-693788B455E8}.Release|Any CPU.Build.0 = Release|Any CPU
	EndGlobalSection
	GlobalSection(SolutionProperties) = preSolution
		HideSolutionNode = FALSE
	EndGlobalSection
	GlobalSection(ExtensibilityGlobals) = postSolution
		SolutionGuid = {D5A69CB6-7AE7-4870-B2B5-349773335182}
	EndGlobalSection
EndGlobal
